// !$*UTF8*$!
{
	archiveVersion = 1;
	classes = {
	};
	objectVersion = 54;
	objects = {

/* Begin PBXBuildFile section */
		00E356F31AD99517003FC87E /* HarvestYardTests.m in Sources */ = {isa = PBXBuildFile; fileRef = 00E356F21AD99517003FC87E /* HarvestYardTests.m */; };
		01D0FFFE75044E30907B8C6B /* Poppins-ExtraBoldItalic.ttf in Resources */ = {isa = PBXBuildFile; fileRef = 678F6E49C76944B3BFF32E8A /* Poppins-ExtraBoldItalic.ttf */; };
		02B51CAEC4C04B2EA8C2E5C0 /* Satoshi-Variable.ttf in Resources */ = {isa = PBXBuildFile; fileRef = 98D093E08BB24F7BA5B29F2E /* Satoshi-Variable.ttf */; };
		03D65A3D99A64899A60C6BEA /* Roboto-Thin.ttf in Resources */ = {isa = PBXBuildFile; fileRef = 34CDF08293814E5AB1100D03 /* Roboto-Thin.ttf */; };
		0EC837539C33424E8750E784 /* Poppins-LightItalic.ttf in Resources */ = {isa = PBXBuildFile; fileRef = 9085E934734A4380BDD580FF /* Poppins-LightItalic.ttf */; };
		127F0E86477849D0A0C76C4B /* Montserrat-ExtraBoldItalic.ttf in Resources */ = {isa = PBXBuildFile; fileRef = 2AF3683B233A4A329DBC4D0A /* Montserrat-ExtraBoldItalic.ttf */; };
		13B07FBC1A68108700A75B9A /* AppDelegate.mm in Sources */ = {isa = PBXBuildFile; fileRef = 13B07FB01A68108700A75B9A /* AppDelegate.mm */; };
		13B07FBF1A68108700A75B9A /* Images.xcassets in Resources */ = {isa = PBXBuildFile; fileRef = 13B07FB51A68108700A75B9A /* Images.xcassets */; };
		13B07FC11A68108700A75B9A /* main.m in Sources */ = {isa = PBXBuildFile; fileRef = 13B07FB71A68108700A75B9A /* main.m */; };
		145A43FEFADA4F81A833B2D1 /* Montserrat-Regular.ttf in Resources */ = {isa = PBXBuildFile; fileRef = 5562C5BE68014E7BA71B8081 /* Montserrat-Regular.ttf */; };
		14CDB7EBA3DA4276935058F3 /* Satoshi-LightItalic.otf in Resources */ = {isa = PBXBuildFile; fileRef = 8336BB26760E4AE99C34202F /* Satoshi-LightItalic.otf */; };
		157A4F7C2E25408DBB4CE390 /* Satoshi-Black.otf in Resources */ = {isa = PBXBuildFile; fileRef = 4A4974180E144CAF8BBCC82B /* Satoshi-Black.otf */; };
		15D0FDBB16F74E99981B20EB /* Poppins-Italic.ttf in Resources */ = {isa = PBXBuildFile; fileRef = 4E1E073829094CC392CA2DDD /* Poppins-Italic.ttf */; };
		2017D1CF7B0645F681D4813C /* Montserrat-Light.ttf in Resources */ = {isa = PBXBuildFile; fileRef = 1308EC4008D34C4CBB5B7A22 /* Montserrat-Light.ttf */; };
		208D4DA3F7FF4ACA9EF8364F /* BalooBhaijaan2-Regular.ttf in Resources */ = {isa = PBXBuildFile; fileRef = E0CC5A7F7EBD4934A2434DF5 /* BalooBhaijaan2-Regular.ttf */; };
		2642D33E2A1041958E337228 /* Montserrat-SemiBoldItalic.ttf in Resources */ = {isa = PBXBuildFile; fileRef = 7BDA5005E0C145D699FF9367 /* Montserrat-SemiBoldItalic.ttf */; };
		2BDDC2876992464E930DD306 /* Roboto-LightItalic.ttf in Resources */ = {isa = PBXBuildFile; fileRef = DD742773A331424E90CC6885 /* Roboto-LightItalic.ttf */; };
		2D0EBB6A89724CE291C3C397 /* Montserrat-ExtraLight.ttf in Resources */ = {isa = PBXBuildFile; fileRef = 27FC42AA2665414B9ACEF78D /* Montserrat-ExtraLight.ttf */; };
		2DA1A36B799747BFB29466B8 /* Satoshi-BoldItalic.otf in Resources */ = {isa = PBXBuildFile; fileRef = D1C2BF48D9134AC38AE6FAC4 /* Satoshi-BoldItalic.otf */; };
		2F4523413C3847F08DE3294E /* BalooBhaijaan2-ExtraBold.ttf in Resources */ = {isa = PBXBuildFile; fileRef = 840889D29CDF43AEA7D75076 /* BalooBhaijaan2-ExtraBold.ttf */; };
		337AC08BA9BB41698571C7A5 /* Montserrat-ExtraBold.ttf in Resources */ = {isa = PBXBuildFile; fileRef = 81000303D9C847D0AB8EBB7D /* Montserrat-ExtraBold.ttf */; };
		35C0DC18A44142FEBCBF3C47 /* Poppins-MediumItalic.ttf in Resources */ = {isa = PBXBuildFile; fileRef = CB322FF288FC45F39F241E71 /* Poppins-MediumItalic.ttf */; };
		3BCE21A562AD45548816678E /* Poppins-Black.ttf in Resources */ = {isa = PBXBuildFile; fileRef = 4338A8D40E3B40999DCBD1EF /* Poppins-Black.ttf */; };
		3D7630FBB3CD4636B11B23B9 /* Montserrat-VariableFont_wght.ttf in Resources */ = {isa = PBXBuildFile; fileRef = B36E63645B194B83B62F1439 /* Montserrat-VariableFont_wght.ttf */; };
		43FC517E88094A529D21B246 /* Montserrat-SemiBold.ttf in Resources */ = {isa = PBXBuildFile; fileRef = 0C92FAF2B93841528D5E1FB6 /* Montserrat-SemiBold.ttf */; };
		48E5603635554A549B2CF32F /* Satoshi-Regular.otf in Resources */ = {isa = PBXBuildFile; fileRef = BDAEE7E091754B48898ED928 /* Satoshi-Regular.otf */; };
		4BB663EE187348DB820B0282 /* Poppins-Bold.ttf in Resources */ = {isa = PBXBuildFile; fileRef = 20A95E7BEC054525A7226A29 /* Poppins-Bold.ttf */; };
		4C0F807E697447B3BD9CB459 /* Poppins-Regular.ttf in Resources */ = {isa = PBXBuildFile; fileRef = 9CD88756B83F4582ADBA17D8 /* Poppins-Regular.ttf */; };
		4CB0FBCBE76B47C5833C2D3E /* Montserrat-BoldItalic.ttf in Resources */ = {isa = PBXBuildFile; fileRef = 24751A75A56A43B2822D56E7 /* Montserrat-BoldItalic.ttf */; };
		4F21056921CB4EDB802E92DD /* Montserrat-Medium.ttf in Resources */ = {isa = PBXBuildFile; fileRef = 8F69755E319D419481763D24 /* Montserrat-Medium.ttf */; };
		5E488B0DE87D4D2E8E9D8F67 /* Satoshi-Medium.otf in Resources */ = {isa = PBXBuildFile; fileRef = 079197FD13E84AAA9F04A56E /* Satoshi-Medium.otf */; };
		602659B803BE4C839FF179C7 /* Satoshi-VariableItalic.ttf in Resources */ = {isa = PBXBuildFile; fileRef = 9F64504778D94CD99FDB1959 /* Satoshi-VariableItalic.ttf */; };
		631F8834BA294BA4A227D0E0 /* Roboto-Black.ttf in Resources */ = {isa = PBXBuildFile; fileRef = 5AF295A85F4B48BEAB697C17 /* Roboto-Black.ttf */; };
		65075FD7F98445D6B345CA26 /* Montserrat-Italic.ttf in Resources */ = {isa = PBXBuildFile; fileRef = D13EB49986B04F6E9AE872BB /* Montserrat-Italic.ttf */; };
		66AB33D012334E3AA80AE79F /* Satoshi-Italic.otf in Resources */ = {isa = PBXBuildFile; fileRef = 55D7673940094685BEC8F0A4 /* Satoshi-Italic.otf */; };
		73EA077D339EBCFFBE6F44BA /* PrivacyInfo.xcprivacy in Resources */ = {isa = PBXBuildFile; fileRef = 13B07FB81A68108700A75B9A /* PrivacyInfo.xcprivacy */; };
		7723ACCF156B4183B19D29F4 /* Roboto-BlackItalic.ttf in Resources */ = {isa = PBXBuildFile; fileRef = B119202D7B58477980D6772D /* Roboto-BlackItalic.ttf */; };
		77D9762D9FB6471CA1B81E8A /* Poppins-Light.ttf in Resources */ = {isa = PBXBuildFile; fileRef = C5A9D51C0CD84322895187DA /* Poppins-Light.ttf */; };
		79163778BDEE4BC3B0DFFE73 /* Poppins-ExtraLightItalic.ttf in Resources */ = {isa = PBXBuildFile; fileRef = 996F479116B447C2A886DDE3 /* Poppins-ExtraLightItalic.ttf */; };
		7C7F6C90E9CB4422B912A8FC /* Poppins-Thin.ttf in Resources */ = {isa = PBXBuildFile; fileRef = F50D63BF81C0420681C4985C /* Poppins-Thin.ttf */; };
		7DFF0157D526469CB0BAE97F /* Montserrat-Black.ttf in Resources */ = {isa = PBXBuildFile; fileRef = 6FF74621EEDC4750ACB21E59 /* Montserrat-Black.ttf */; };
		7EB37B69F821468FBF281CEC /* Roboto-Italic.ttf in Resources */ = {isa = PBXBuildFile; fileRef = 846670FFF8414B9B90504C4B /* Roboto-Italic.ttf */; };
		80CAB7B9B5C740B78BA55E5E /* Tangerine-Regular.ttf in Resources */ = {isa = PBXBuildFile; fileRef = 2576A96701D14987823C84D9 /* Tangerine-Regular.ttf */; };
		81AB9BB82411601600AC10FF /* LaunchScreen.storyboard in Resources */ = {isa = PBXBuildFile; fileRef = 81AB9BB72411601600AC10FF /* LaunchScreen.storyboard */; };
		81E711ADE72444FFBA54358B /* Poppins-BlackItalic.ttf in Resources */ = {isa = PBXBuildFile; fileRef = EE37FB6299494D44AAB4C717 /* Poppins-BlackItalic.ttf */; };
		84ABB3BDB8C54C01BACF240A /* Poppins-BoldItalic.ttf in Resources */ = {isa = PBXBuildFile; fileRef = 62DE578BC0A84FE2A9FF988D /* Poppins-BoldItalic.ttf */; };
		8EB037C4C0D24F89B0A6AAB6 /* Roboto-Light.ttf in Resources */ = {isa = PBXBuildFile; fileRef = 6B98B630D2A443268A416B06 /* Roboto-Light.ttf */; };
		91593274DED3471393849710 /* Roboto-MediumItalic.ttf in Resources */ = {isa = PBXBuildFile; fileRef = 52C01898350C42DAB1C1358E /* Roboto-MediumItalic.ttf */; };
		9715FBAA612142A7B39B5133 /* Poppins-SemiBold.ttf in Resources */ = {isa = PBXBuildFile; fileRef = 66FCD984D3D04C1AAFD182BE /* Poppins-SemiBold.ttf */; };
		9C74D52414104C7F875B95D8 /* Montserrat-LightItalic.ttf in Resources */ = {isa = PBXBuildFile; fileRef = B8BFB8B8E40B4A218FA41848 /* Montserrat-LightItalic.ttf */; };
		9F077AB371F84B549D9021AA /* BalooBhaijaan2-VariableFont_wght.ttf in Resources */ = {isa = PBXBuildFile; fileRef = 99BE2B1116684FDEB529D86A /* BalooBhaijaan2-VariableFont_wght.ttf */; };
		9FCE7B870D524644A8DE809B /* Montserrat-ExtraLightItalic.ttf in Resources */ = {isa = PBXBuildFile; fileRef = 220318A054E14BC794AE0FE7 /* Montserrat-ExtraLightItalic.ttf */; };
		A0734A05B04C4D0EAC299AF9 /* Roboto-Medium.ttf in Resources */ = {isa = PBXBuildFile; fileRef = A70B55DE12DB48EA923A8FBB /* Roboto-Medium.ttf */; };
		A09E71FBE2214E52ACFD62F6 /* Satoshi-MediumItalic.otf in Resources */ = {isa = PBXBuildFile; fileRef = 8E824E2E46FA4AA7B7026DF6 /* Satoshi-MediumItalic.otf */; };
		A3F041C0114243A6B678095A /* Poppins-SemiBoldItalic.ttf in Resources */ = {isa = PBXBuildFile; fileRef = FE7ABA2008C14FFB9C1A36DD /* Poppins-SemiBoldItalic.ttf */; };
		A4192CE39C264D80B9D89718 /* BalooBhaijaan2-Bold.ttf in Resources */ = {isa = PBXBuildFile; fileRef = B07B76CC319A415DA84D1B9D /* BalooBhaijaan2-Bold.ttf */; };
		A7C4FDAB2CEDC088001CCD18 /* GoogleService-Info.plist in Resources */ = {isa = PBXBuildFile; fileRef = A7C4FDAA2CEDC088001CCD18 /* GoogleService-Info.plist */; };
		A7D593237DB44CC2BFA7C4BA /* Roboto-Bold.ttf in Resources */ = {isa = PBXBuildFile; fileRef = BA94BF74BB3A4937A06CB223 /* Roboto-Bold.ttf */; };
		BC5BA995CE96441CB78C9FF5 /* Satoshi-Bold.otf in Resources */ = {isa = PBXBuildFile; fileRef = 55E5294C3C9D48C9B621C993 /* Satoshi-Bold.otf */; };
		BCE26486B0E746448EC35D31 /* Roboto-Regular.ttf in Resources */ = {isa = PBXBuildFile; fileRef = A25AE708F6BB41598598216E /* Roboto-Regular.ttf */; };
		C4B60AC813804921A1FD4FD5 /* Roboto-ThinItalic.ttf in Resources */ = {isa = PBXBuildFile; fileRef = DBBDFBFFF12E498FADA1610C /* Roboto-ThinItalic.ttf */; };
		C59062C78AF241278EECF27B /* Roboto-BoldItalic.ttf in Resources */ = {isa = PBXBuildFile; fileRef = 9443F2FD76B94BE6966A30FF /* Roboto-BoldItalic.ttf */; };
		C82D09C6F7D0470283F093EF /* Poppins-ThinItalic.ttf in Resources */ = {isa = PBXBuildFile; fileRef = 66638B9D51A240DE973BFBAA /* Poppins-ThinItalic.ttf */; };
		C87AB57294AB4CF9B7FD21BE /* Montserrat-MediumItalic.ttf in Resources */ = {isa = PBXBuildFile; fileRef = 7EDEAD19D48C4FA894D6ACE6 /* Montserrat-MediumItalic.ttf */; };
		CFEE660531A042C69F5514EF /* Montserrat-Thin.ttf in Resources */ = {isa = PBXBuildFile; fileRef = 6B54BA0A6340471585D48BD3 /* Montserrat-Thin.ttf */; };
		D2511B50BFEC4FA3A252DF5D /* Satoshi-Light.otf in Resources */ = {isa = PBXBuildFile; fileRef = 8501B9908C0A4004886227C5 /* Satoshi-Light.otf */; };
		D3BB5197F2394127BD86AA37 /* Poppins-Medium.ttf in Resources */ = {isa = PBXBuildFile; fileRef = A542C75BD62F4E2398A5581F /* Poppins-Medium.ttf */; };
		D564EE668DB045C497DFD452 /* Tangerine-Bold.ttf in Resources */ = {isa = PBXBuildFile; fileRef = 1D363C901F494529A33B0816 /* Tangerine-Bold.ttf */; };
		DBB4B407C39449BC887C26C9 /* Montserrat-Bold.ttf in Resources */ = {isa = PBXBuildFile; fileRef = 92D113DFA2A04FF99488599D /* Montserrat-Bold.ttf */; };
		E163720964A743D29CB3EFEC /* Montserrat-BlackItalic.ttf in Resources */ = {isa = PBXBuildFile; fileRef = 472195A9B7C2447ABAA1937E /* Montserrat-BlackItalic.ttf */; };
		E60644855D3E442586B6AC7C /* Poppins-ExtraLight.ttf in Resources */ = {isa = PBXBuildFile; fileRef = D50C485C610D4163839B9B68 /* Poppins-ExtraLight.ttf */; };
		E79905DBDBE4461D9F551F12 /* BalooBhaijaan2-SemiBold.ttf in Resources */ = {isa = PBXBuildFile; fileRef = 97D600D9597E4CC1BAA3C522 /* BalooBhaijaan2-SemiBold.ttf */; };
		F28492A8830143BE80512F01 /* Poppins-ExtraBold.ttf in Resources */ = {isa = PBXBuildFile; fileRef = CB22E54A206A403A9A5FBD18 /* Poppins-ExtraBold.ttf */; };
		F7517EDC95CF450E9B2C86AE /* BalooBhaijaan2-Medium.ttf in Resources */ = {isa = PBXBuildFile; fileRef = 87A60D61872C48A99D72DEAD /* BalooBhaijaan2-Medium.ttf */; };
		F7B6AD3B3C624D28B1BD6522 /* Montserrat-Italic-VariableFont_wght.ttf in Resources */ = {isa = PBXBuildFile; fileRef = CB528811304F4DA9B0D47A7B /* Montserrat-Italic-VariableFont_wght.ttf */; };
		F9D7B91FDEF6428296047558 /* Satoshi-BlackItalic.otf in Resources */ = {isa = PBXBuildFile; fileRef = 2ADD588C936D440C8D5B2CE8 /* Satoshi-BlackItalic.otf */; };
		FF402C26375447C09A34AC30 /* Montserrat-ThinItalic.ttf in Resources */ = {isa = PBXBuildFile; fileRef = CBC71708931A4E3E8440AB43 /* Montserrat-ThinItalic.ttf */; };
/* End PBXBuildFile section */

/* Begin PBXContainerItemProxy section */
		00E356F41AD99517003FC87E /* PBXContainerItemProxy */ = {
			isa = PBXContainerItemProxy;
			containerPortal = 83CBB9F71A601CBA00E9B192 /* Project object */;
			proxyType = 1;
			remoteGlobalIDString = 13B07F861A680F5B00A75B9A;
			remoteInfo = HarvestYard;
		};
/* End PBXContainerItemProxy section */

/* Begin PBXFileReference section */
		00E356EE1AD99517003FC87E /* HarvestYardTests.xctest */ = {isa = PBXFileReference; explicitFileType = wrapper.cfbundle; includeInIndex = 0; path = HarvestYardTests.xctest; sourceTree = BUILT_PRODUCTS_DIR; };
		00E356F11AD99517003FC87E /* Info.plist */ = {isa = PBXFileReference; lastKnownFileType = text.plist.xml; path = Info.plist; sourceTree = "<group>"; };
		00E356F21AD99517003FC87E /* HarvestYardTests.m */ = {isa = PBXFileReference; lastKnownFileType = sourcecode.c.objc; path = HarvestYardTests.m; sourceTree = "<group>"; };
		079197FD13E84AAA9F04A56E /* Satoshi-Medium.otf */ = {isa = PBXFileReference; explicitFileType = undefined; fileEncoding = undefined; includeInIndex = 0; lastKnownFileType = unknown; name = "Satoshi-Medium.otf"; path = "../src/assets/fonts/Satoshi-Medium.otf"; sourceTree = "<group>"; };
		0C92FAF2B93841528D5E1FB6 /* Montserrat-SemiBold.ttf */ = {isa = PBXFileReference; explicitFileType = undefined; fileEncoding = undefined; includeInIndex = 0; lastKnownFileType = unknown; name = "Montserrat-SemiBold.ttf"; path = "../src/assets/fonts/Montserrat-SemiBold.ttf"; sourceTree = "<group>"; };
		1308EC4008D34C4CBB5B7A22 /* Montserrat-Light.ttf */ = {isa = PBXFileReference; explicitFileType = undefined; fileEncoding = undefined; includeInIndex = 0; lastKnownFileType = unknown; name = "Montserrat-Light.ttf"; path = "../src/assets/fonts/Montserrat-Light.ttf"; sourceTree = "<group>"; };
		13B07F961A680F5B00A75B9A /* HarvestYard.app */ = {isa = PBXFileReference; explicitFileType = wrapper.application; includeInIndex = 0; path = HarvestYard.app; sourceTree = BUILT_PRODUCTS_DIR; };
		13B07FAF1A68108700A75B9A /* AppDelegate.h */ = {isa = PBXFileReference; fileEncoding = 4; lastKnownFileType = sourcecode.c.h; name = AppDelegate.h; path = HarvestYard/AppDelegate.h; sourceTree = "<group>"; };
		13B07FB01A68108700A75B9A /* AppDelegate.mm */ = {isa = PBXFileReference; fileEncoding = 4; lastKnownFileType = sourcecode.cpp.objcpp; name = AppDelegate.mm; path = HarvestYard/AppDelegate.mm; sourceTree = "<group>"; };
		13B07FB51A68108700A75B9A /* Images.xcassets */ = {isa = PBXFileReference; lastKnownFileType = folder.assetcatalog; name = Images.xcassets; path = HarvestYard/Images.xcassets; sourceTree = "<group>"; };
		13B07FB61A68108700A75B9A /* Info.plist */ = {isa = PBXFileReference; fileEncoding = 4; lastKnownFileType = text.plist.xml; name = Info.plist; path = HarvestYard/Info.plist; sourceTree = "<group>"; };
		13B07FB71A68108700A75B9A /* main.m */ = {isa = PBXFileReference; fileEncoding = 4; lastKnownFileType = sourcecode.c.objc; name = main.m; path = HarvestYard/main.m; sourceTree = "<group>"; };
		13B07FB81A68108700A75B9A /* PrivacyInfo.xcprivacy */ = {isa = PBXFileReference; fileEncoding = 4; lastKnownFileType = text.plist.xml; name = PrivacyInfo.xcprivacy; path = HarvestYard/PrivacyInfo.xcprivacy; sourceTree = "<group>"; };
		1D363C901F494529A33B0816 /* Tangerine-Bold.ttf */ = {isa = PBXFileReference; explicitFileType = undefined; fileEncoding = undefined; includeInIndex = 0; lastKnownFileType = unknown; name = "Tangerine-Bold.ttf"; path = "../src/assets/fonts/Tangerine-Bold.ttf"; sourceTree = "<group>"; };
		20A95E7BEC054525A7226A29 /* Poppins-Bold.ttf */ = {isa = PBXFileReference; explicitFileType = undefined; fileEncoding = undefined; includeInIndex = 0; lastKnownFileType = unknown; name = "Poppins-Bold.ttf"; path = "../src/assets/fonts/Poppins-Bold.ttf"; sourceTree = "<group>"; };
		220318A054E14BC794AE0FE7 /* Montserrat-ExtraLightItalic.ttf */ = {isa = PBXFileReference; explicitFileType = undefined; fileEncoding = undefined; includeInIndex = 0; lastKnownFileType = unknown; name = "Montserrat-ExtraLightItalic.ttf"; path = "../src/assets/fonts/Montserrat-ExtraLightItalic.ttf"; sourceTree = "<group>"; };
		24751A75A56A43B2822D56E7 /* Montserrat-BoldItalic.ttf */ = {isa = PBXFileReference; explicitFileType = undefined; fileEncoding = undefined; includeInIndex = 0; lastKnownFileType = unknown; name = "Montserrat-BoldItalic.ttf"; path = "../src/assets/fonts/Montserrat-BoldItalic.ttf"; sourceTree = "<group>"; };
		2576A96701D14987823C84D9 /* Tangerine-Regular.ttf */ = {isa = PBXFileReference; explicitFileType = undefined; fileEncoding = undefined; includeInIndex = 0; lastKnownFileType = unknown; name = "Tangerine-Regular.ttf"; path = "../src/assets/fonts/Tangerine-Regular.ttf"; sourceTree = "<group>"; };
		27FC42AA2665414B9ACEF78D /* Montserrat-ExtraLight.ttf */ = {isa = PBXFileReference; explicitFileType = undefined; fileEncoding = undefined; includeInIndex = 0; lastKnownFileType = unknown; name = "Montserrat-ExtraLight.ttf"; path = "../src/assets/fonts/Montserrat-ExtraLight.ttf"; sourceTree = "<group>"; };
		2ADD588C936D440C8D5B2CE8 /* Satoshi-BlackItalic.otf */ = {isa = PBXFileReference; explicitFileType = undefined; fileEncoding = undefined; includeInIndex = 0; lastKnownFileType = unknown; name = "Satoshi-BlackItalic.otf"; path = "../src/assets/fonts/Satoshi-BlackItalic.otf"; sourceTree = "<group>"; };
		2AF3683B233A4A329DBC4D0A /* Montserrat-ExtraBoldItalic.ttf */ = {isa = PBXFileReference; explicitFileType = undefined; fileEncoding = undefined; includeInIndex = 0; lastKnownFileType = unknown; name = "Montserrat-ExtraBoldItalic.ttf"; path = "../src/assets/fonts/Montserrat-ExtraBoldItalic.ttf"; sourceTree = "<group>"; };
		34CDF08293814E5AB1100D03 /* Roboto-Thin.ttf */ = {isa = PBXFileReference; explicitFileType = undefined; fileEncoding = undefined; includeInIndex = 0; lastKnownFileType = unknown; name = "Roboto-Thin.ttf"; path = "../src/assets/fonts/Roboto-Thin.ttf"; sourceTree = "<group>"; };
		4338A8D40E3B40999DCBD1EF /* Poppins-Black.ttf */ = {isa = PBXFileReference; explicitFileType = undefined; fileEncoding = undefined; includeInIndex = 0; lastKnownFileType = unknown; name = "Poppins-Black.ttf"; path = "../src/assets/fonts/Poppins-Black.ttf"; sourceTree = "<group>"; };
		472195A9B7C2447ABAA1937E /* Montserrat-BlackItalic.ttf */ = {isa = PBXFileReference; explicitFileType = undefined; fileEncoding = undefined; includeInIndex = 0; lastKnownFileType = unknown; name = "Montserrat-BlackItalic.ttf"; path = "../src/assets/fonts/Montserrat-BlackItalic.ttf"; sourceTree = "<group>"; };
		4A4974180E144CAF8BBCC82B /* Satoshi-Black.otf */ = {isa = PBXFileReference; explicitFileType = undefined; fileEncoding = undefined; includeInIndex = 0; lastKnownFileType = unknown; name = "Satoshi-Black.otf"; path = "../src/assets/fonts/Satoshi-Black.otf"; sourceTree = "<group>"; };
		4E1E073829094CC392CA2DDD /* Poppins-Italic.ttf */ = {isa = PBXFileReference; explicitFileType = undefined; fileEncoding = undefined; includeInIndex = 0; lastKnownFileType = unknown; name = "Poppins-Italic.ttf"; path = "../src/assets/fonts/Poppins-Italic.ttf"; sourceTree = "<group>"; };
		52C01898350C42DAB1C1358E /* Roboto-MediumItalic.ttf */ = {isa = PBXFileReference; explicitFileType = undefined; fileEncoding = undefined; includeInIndex = 0; lastKnownFileType = unknown; name = "Roboto-MediumItalic.ttf"; path = "../src/assets/fonts/Roboto-MediumItalic.ttf"; sourceTree = "<group>"; };
		5562C5BE68014E7BA71B8081 /* Montserrat-Regular.ttf */ = {isa = PBXFileReference; explicitFileType = undefined; fileEncoding = undefined; includeInIndex = 0; lastKnownFileType = unknown; name = "Montserrat-Regular.ttf"; path = "../src/assets/fonts/Montserrat-Regular.ttf"; sourceTree = "<group>"; };
		55D7673940094685BEC8F0A4 /* Satoshi-Italic.otf */ = {isa = PBXFileReference; explicitFileType = undefined; fileEncoding = undefined; includeInIndex = 0; lastKnownFileType = unknown; name = "Satoshi-Italic.otf"; path = "../src/assets/fonts/Satoshi-Italic.otf"; sourceTree = "<group>"; };
		55E5294C3C9D48C9B621C993 /* Satoshi-Bold.otf */ = {isa = PBXFileReference; explicitFileType = undefined; fileEncoding = undefined; includeInIndex = 0; lastKnownFileType = unknown; name = "Satoshi-Bold.otf"; path = "../src/assets/fonts/Satoshi-Bold.otf"; sourceTree = "<group>"; };
		5AF295A85F4B48BEAB697C17 /* Roboto-Black.ttf */ = {isa = PBXFileReference; explicitFileType = undefined; fileEncoding = undefined; includeInIndex = 0; lastKnownFileType = unknown; name = "Roboto-Black.ttf"; path = "../src/assets/fonts/Roboto-Black.ttf"; sourceTree = "<group>"; };
		62DE578BC0A84FE2A9FF988D /* Poppins-BoldItalic.ttf */ = {isa = PBXFileReference; explicitFileType = undefined; fileEncoding = undefined; includeInIndex = 0; lastKnownFileType = unknown; name = "Poppins-BoldItalic.ttf"; path = "../src/assets/fonts/Poppins-BoldItalic.ttf"; sourceTree = "<group>"; };
		66638B9D51A240DE973BFBAA /* Poppins-ThinItalic.ttf */ = {isa = PBXFileReference; explicitFileType = undefined; fileEncoding = undefined; includeInIndex = 0; lastKnownFileType = unknown; name = "Poppins-ThinItalic.ttf"; path = "../src/assets/fonts/Poppins-ThinItalic.ttf"; sourceTree = "<group>"; };
		66FCD984D3D04C1AAFD182BE /* Poppins-SemiBold.ttf */ = {isa = PBXFileReference; explicitFileType = undefined; fileEncoding = undefined; includeInIndex = 0; lastKnownFileType = unknown; name = "Poppins-SemiBold.ttf"; path = "../src/assets/fonts/Poppins-SemiBold.ttf"; sourceTree = "<group>"; };
		678F6E49C76944B3BFF32E8A /* Poppins-ExtraBoldItalic.ttf */ = {isa = PBXFileReference; explicitFileType = undefined; fileEncoding = undefined; includeInIndex = 0; lastKnownFileType = unknown; name = "Poppins-ExtraBoldItalic.ttf"; path = "../src/assets/fonts/Poppins-ExtraBoldItalic.ttf"; sourceTree = "<group>"; };
		6B54BA0A6340471585D48BD3 /* Montserrat-Thin.ttf */ = {isa = PBXFileReference; explicitFileType = undefined; fileEncoding = undefined; includeInIndex = 0; lastKnownFileType = unknown; name = "Montserrat-Thin.ttf"; path = "../src/assets/fonts/Montserrat-Thin.ttf"; sourceTree = "<group>"; };
		6B98B630D2A443268A416B06 /* Roboto-Light.ttf */ = {isa = PBXFileReference; explicitFileType = undefined; fileEncoding = undefined; includeInIndex = 0; lastKnownFileType = unknown; name = "Roboto-Light.ttf"; path = "../src/assets/fonts/Roboto-Light.ttf"; sourceTree = "<group>"; };
		6FF74621EEDC4750ACB21E59 /* Montserrat-Black.ttf */ = {isa = PBXFileReference; explicitFileType = undefined; fileEncoding = undefined; includeInIndex = 0; lastKnownFileType = unknown; name = "Montserrat-Black.ttf"; path = "../src/assets/fonts/Montserrat-Black.ttf"; sourceTree = "<group>"; };
		7BDA5005E0C145D699FF9367 /* Montserrat-SemiBoldItalic.ttf */ = {isa = PBXFileReference; explicitFileType = undefined; fileEncoding = undefined; includeInIndex = 0; lastKnownFileType = unknown; name = "Montserrat-SemiBoldItalic.ttf"; path = "../src/assets/fonts/Montserrat-SemiBoldItalic.ttf"; sourceTree = "<group>"; };
		7EDEAD19D48C4FA894D6ACE6 /* Montserrat-MediumItalic.ttf */ = {isa = PBXFileReference; explicitFileType = undefined; fileEncoding = undefined; includeInIndex = 0; lastKnownFileType = unknown; name = "Montserrat-MediumItalic.ttf"; path = "../src/assets/fonts/Montserrat-MediumItalic.ttf"; sourceTree = "<group>"; };
		81000303D9C847D0AB8EBB7D /* Montserrat-ExtraBold.ttf */ = {isa = PBXFileReference; explicitFileType = undefined; fileEncoding = undefined; includeInIndex = 0; lastKnownFileType = unknown; name = "Montserrat-ExtraBold.ttf"; path = "../src/assets/fonts/Montserrat-ExtraBold.ttf"; sourceTree = "<group>"; };
		81AB9BB72411601600AC10FF /* LaunchScreen.storyboard */ = {isa = PBXFileReference; fileEncoding = 4; lastKnownFileType = file.storyboard; name = LaunchScreen.storyboard; path = HarvestYard/LaunchScreen.storyboard; sourceTree = "<group>"; };
		8336BB26760E4AE99C34202F /* Satoshi-LightItalic.otf */ = {isa = PBXFileReference; explicitFileType = undefined; fileEncoding = undefined; includeInIndex = 0; lastKnownFileType = unknown; name = "Satoshi-LightItalic.otf"; path = "../src/assets/fonts/Satoshi-LightItalic.otf"; sourceTree = "<group>"; };
		840889D29CDF43AEA7D75076 /* BalooBhaijaan2-ExtraBold.ttf */ = {isa = PBXFileReference; explicitFileType = undefined; fileEncoding = undefined; includeInIndex = 0; lastKnownFileType = unknown; name = "BalooBhaijaan2-ExtraBold.ttf"; path = "../src/assets/fonts/BalooBhaijaan2-ExtraBold.ttf"; sourceTree = "<group>"; };
		846670FFF8414B9B90504C4B /* Roboto-Italic.ttf */ = {isa = PBXFileReference; explicitFileType = undefined; fileEncoding = undefined; includeInIndex = 0; lastKnownFileType = unknown; name = "Roboto-Italic.ttf"; path = "../src/assets/fonts/Roboto-Italic.ttf"; sourceTree = "<group>"; };
		8501B9908C0A4004886227C5 /* Satoshi-Light.otf */ = {isa = PBXFileReference; explicitFileType = undefined; fileEncoding = undefined; includeInIndex = 0; lastKnownFileType = unknown; name = "Satoshi-Light.otf"; path = "../src/assets/fonts/Satoshi-Light.otf"; sourceTree = "<group>"; };
		87A60D61872C48A99D72DEAD /* BalooBhaijaan2-Medium.ttf */ = {isa = PBXFileReference; explicitFileType = undefined; fileEncoding = undefined; includeInIndex = 0; lastKnownFileType = unknown; name = "BalooBhaijaan2-Medium.ttf"; path = "../src/assets/fonts/BalooBhaijaan2-Medium.ttf"; sourceTree = "<group>"; };
		8E824E2E46FA4AA7B7026DF6 /* Satoshi-MediumItalic.otf */ = {isa = PBXFileReference; explicitFileType = undefined; fileEncoding = undefined; includeInIndex = 0; lastKnownFileType = unknown; name = "Satoshi-MediumItalic.otf"; path = "../src/assets/fonts/Satoshi-MediumItalic.otf"; sourceTree = "<group>"; };
		8F69755E319D419481763D24 /* Montserrat-Medium.ttf */ = {isa = PBXFileReference; explicitFileType = undefined; fileEncoding = undefined; includeInIndex = 0; lastKnownFileType = unknown; name = "Montserrat-Medium.ttf"; path = "../src/assets/fonts/Montserrat-Medium.ttf"; sourceTree = "<group>"; };
		9085E934734A4380BDD580FF /* Poppins-LightItalic.ttf */ = {isa = PBXFileReference; explicitFileType = undefined; fileEncoding = undefined; includeInIndex = 0; lastKnownFileType = unknown; name = "Poppins-LightItalic.ttf"; path = "../src/assets/fonts/Poppins-LightItalic.ttf"; sourceTree = "<group>"; };
		92D113DFA2A04FF99488599D /* Montserrat-Bold.ttf */ = {isa = PBXFileReference; explicitFileType = undefined; fileEncoding = undefined; includeInIndex = 0; lastKnownFileType = unknown; name = "Montserrat-Bold.ttf"; path = "../src/assets/fonts/Montserrat-Bold.ttf"; sourceTree = "<group>"; };
		9443F2FD76B94BE6966A30FF /* Roboto-BoldItalic.ttf */ = {isa = PBXFileReference; explicitFileType = undefined; fileEncoding = undefined; includeInIndex = 0; lastKnownFileType = unknown; name = "Roboto-BoldItalic.ttf"; path = "../src/assets/fonts/Roboto-BoldItalic.ttf"; sourceTree = "<group>"; };
		97D600D9597E4CC1BAA3C522 /* BalooBhaijaan2-SemiBold.ttf */ = {isa = PBXFileReference; explicitFileType = undefined; fileEncoding = undefined; includeInIndex = 0; lastKnownFileType = unknown; name = "BalooBhaijaan2-SemiBold.ttf"; path = "../src/assets/fonts/BalooBhaijaan2-SemiBold.ttf"; sourceTree = "<group>"; };
		98D093E08BB24F7BA5B29F2E /* Satoshi-Variable.ttf */ = {isa = PBXFileReference; explicitFileType = undefined; fileEncoding = undefined; includeInIndex = 0; lastKnownFileType = unknown; name = "Satoshi-Variable.ttf"; path = "../src/assets/fonts/Satoshi-Variable.ttf"; sourceTree = "<group>"; };
		996F479116B447C2A886DDE3 /* Poppins-ExtraLightItalic.ttf */ = {isa = PBXFileReference; explicitFileType = undefined; fileEncoding = undefined; includeInIndex = 0; lastKnownFileType = unknown; name = "Poppins-ExtraLightItalic.ttf"; path = "../src/assets/fonts/Poppins-ExtraLightItalic.ttf"; sourceTree = "<group>"; };
		99BE2B1116684FDEB529D86A /* BalooBhaijaan2-VariableFont_wght.ttf */ = {isa = PBXFileReference; explicitFileType = undefined; fileEncoding = undefined; includeInIndex = 0; lastKnownFileType = unknown; name = "BalooBhaijaan2-VariableFont_wght.ttf"; path = "../src/assets/fonts/BalooBhaijaan2-VariableFont_wght.ttf"; sourceTree = "<group>"; };
		9CD88756B83F4582ADBA17D8 /* Poppins-Regular.ttf */ = {isa = PBXFileReference; explicitFileType = undefined; fileEncoding = undefined; includeInIndex = 0; lastKnownFileType = unknown; name = "Poppins-Regular.ttf"; path = "../src/assets/fonts/Poppins-Regular.ttf"; sourceTree = "<group>"; };
		9F64504778D94CD99FDB1959 /* Satoshi-VariableItalic.ttf */ = {isa = PBXFileReference; explicitFileType = undefined; fileEncoding = undefined; includeInIndex = 0; lastKnownFileType = unknown; name = "Satoshi-VariableItalic.ttf"; path = "../src/assets/fonts/Satoshi-VariableItalic.ttf"; sourceTree = "<group>"; };
		A25AE708F6BB41598598216E /* Roboto-Regular.ttf */ = {isa = PBXFileReference; explicitFileType = undefined; fileEncoding = undefined; includeInIndex = 0; lastKnownFileType = unknown; name = "Roboto-Regular.ttf"; path = "../src/assets/fonts/Roboto-Regular.ttf"; sourceTree = "<group>"; };
		A542C75BD62F4E2398A5581F /* Poppins-Medium.ttf */ = {isa = PBXFileReference; explicitFileType = undefined; fileEncoding = undefined; includeInIndex = 0; lastKnownFileType = unknown; name = "Poppins-Medium.ttf"; path = "../src/assets/fonts/Poppins-Medium.ttf"; sourceTree = "<group>"; };
		A70B55DE12DB48EA923A8FBB /* Roboto-Medium.ttf */ = {isa = PBXFileReference; explicitFileType = undefined; fileEncoding = undefined; includeInIndex = 0; lastKnownFileType = unknown; name = "Roboto-Medium.ttf"; path = "../src/assets/fonts/Roboto-Medium.ttf"; sourceTree = "<group>"; };
		A7C4FDAA2CEDC088001CCD18 /* GoogleService-Info.plist */ = {isa = PBXFileReference; lastKnownFileType = text.plist.xml; path = "GoogleService-Info.plist"; sourceTree = "<group>"; };
		B07B76CC319A415DA84D1B9D /* BalooBhaijaan2-Bold.ttf */ = {isa = PBXFileReference; explicitFileType = undefined; fileEncoding = undefined; includeInIndex = 0; lastKnownFileType = unknown; name = "BalooBhaijaan2-Bold.ttf"; path = "../src/assets/fonts/BalooBhaijaan2-Bold.ttf"; sourceTree = "<group>"; };
		B119202D7B58477980D6772D /* Roboto-BlackItalic.ttf */ = {isa = PBXFileReference; explicitFileType = undefined; fileEncoding = undefined; includeInIndex = 0; lastKnownFileType = unknown; name = "Roboto-BlackItalic.ttf"; path = "../src/assets/fonts/Roboto-BlackItalic.ttf"; sourceTree = "<group>"; };
		B36E63645B194B83B62F1439 /* Montserrat-VariableFont_wght.ttf */ = {isa = PBXFileReference; explicitFileType = undefined; fileEncoding = undefined; includeInIndex = 0; lastKnownFileType = unknown; name = "Montserrat-VariableFont_wght.ttf"; path = "../src/assets/fonts/Montserrat-VariableFont_wght.ttf"; sourceTree = "<group>"; };
		B8BFB8B8E40B4A218FA41848 /* Montserrat-LightItalic.ttf */ = {isa = PBXFileReference; explicitFileType = undefined; fileEncoding = undefined; includeInIndex = 0; lastKnownFileType = unknown; name = "Montserrat-LightItalic.ttf"; path = "../src/assets/fonts/Montserrat-LightItalic.ttf"; sourceTree = "<group>"; };
		BA94BF74BB3A4937A06CB223 /* Roboto-Bold.ttf */ = {isa = PBXFileReference; explicitFileType = undefined; fileEncoding = undefined; includeInIndex = 0; lastKnownFileType = unknown; name = "Roboto-Bold.ttf"; path = "../src/assets/fonts/Roboto-Bold.ttf"; sourceTree = "<group>"; };
		BDAEE7E091754B48898ED928 /* Satoshi-Regular.otf */ = {isa = PBXFileReference; explicitFileType = undefined; fileEncoding = undefined; includeInIndex = 0; lastKnownFileType = unknown; name = "Satoshi-Regular.otf"; path = "../src/assets/fonts/Satoshi-Regular.otf"; sourceTree = "<group>"; };
		C5A9D51C0CD84322895187DA /* Poppins-Light.ttf */ = {isa = PBXFileReference; explicitFileType = undefined; fileEncoding = undefined; includeInIndex = 0; lastKnownFileType = unknown; name = "Poppins-Light.ttf"; path = "../src/assets/fonts/Poppins-Light.ttf"; sourceTree = "<group>"; };
		CB22E54A206A403A9A5FBD18 /* Poppins-ExtraBold.ttf */ = {isa = PBXFileReference; explicitFileType = undefined; fileEncoding = undefined; includeInIndex = 0; lastKnownFileType = unknown; name = "Poppins-ExtraBold.ttf"; path = "../src/assets/fonts/Poppins-ExtraBold.ttf"; sourceTree = "<group>"; };
		CB322FF288FC45F39F241E71 /* Poppins-MediumItalic.ttf */ = {isa = PBXFileReference; explicitFileType = undefined; fileEncoding = undefined; includeInIndex = 0; lastKnownFileType = unknown; name = "Poppins-MediumItalic.ttf"; path = "../src/assets/fonts/Poppins-MediumItalic.ttf"; sourceTree = "<group>"; };
		CB528811304F4DA9B0D47A7B /* Montserrat-Italic-VariableFont_wght.ttf */ = {isa = PBXFileReference; explicitFileType = undefined; fileEncoding = undefined; includeInIndex = 0; lastKnownFileType = unknown; name = "Montserrat-Italic-VariableFont_wght.ttf"; path = "../src/assets/fonts/Montserrat-Italic-VariableFont_wght.ttf"; sourceTree = "<group>"; };
		CBC71708931A4E3E8440AB43 /* Montserrat-ThinItalic.ttf */ = {isa = PBXFileReference; explicitFileType = undefined; fileEncoding = undefined; includeInIndex = 0; lastKnownFileType = unknown; name = "Montserrat-ThinItalic.ttf"; path = "../src/assets/fonts/Montserrat-ThinItalic.ttf"; sourceTree = "<group>"; };
		D13EB49986B04F6E9AE872BB /* Montserrat-Italic.ttf */ = {isa = PBXFileReference; explicitFileType = undefined; fileEncoding = undefined; includeInIndex = 0; lastKnownFileType = unknown; name = "Montserrat-Italic.ttf"; path = "../src/assets/fonts/Montserrat-Italic.ttf"; sourceTree = "<group>"; };
		D1C2BF48D9134AC38AE6FAC4 /* Satoshi-BoldItalic.otf */ = {isa = PBXFileReference; explicitFileType = undefined; fileEncoding = undefined; includeInIndex = 0; lastKnownFileType = unknown; name = "Satoshi-BoldItalic.otf"; path = "../src/assets/fonts/Satoshi-BoldItalic.otf"; sourceTree = "<group>"; };
		D50C485C610D4163839B9B68 /* Poppins-ExtraLight.ttf */ = {isa = PBXFileReference; explicitFileType = undefined; fileEncoding = undefined; includeInIndex = 0; lastKnownFileType = unknown; name = "Poppins-ExtraLight.ttf"; path = "../src/assets/fonts/Poppins-ExtraLight.ttf"; sourceTree = "<group>"; };
		DBBDFBFFF12E498FADA1610C /* Roboto-ThinItalic.ttf */ = {isa = PBXFileReference; explicitFileType = undefined; fileEncoding = undefined; includeInIndex = 0; lastKnownFileType = unknown; name = "Roboto-ThinItalic.ttf"; path = "../src/assets/fonts/Roboto-ThinItalic.ttf"; sourceTree = "<group>"; };
		DD742773A331424E90CC6885 /* Roboto-LightItalic.ttf */ = {isa = PBXFileReference; explicitFileType = undefined; fileEncoding = undefined; includeInIndex = 0; lastKnownFileType = unknown; name = "Roboto-LightItalic.ttf"; path = "../src/assets/fonts/Roboto-LightItalic.ttf"; sourceTree = "<group>"; };
		E0CC5A7F7EBD4934A2434DF5 /* BalooBhaijaan2-Regular.ttf */ = {isa = PBXFileReference; explicitFileType = undefined; fileEncoding = undefined; includeInIndex = 0; lastKnownFileType = unknown; name = "BalooBhaijaan2-Regular.ttf"; path = "../src/assets/fonts/BalooBhaijaan2-Regular.ttf"; sourceTree = "<group>"; };
		ED297162215061F000B7C4FE /* JavaScriptCore.framework */ = {isa = PBXFileReference; lastKnownFileType = wrapper.framework; name = JavaScriptCore.framework; path = System/Library/Frameworks/JavaScriptCore.framework; sourceTree = SDKROOT; };
		EE37FB6299494D44AAB4C717 /* Poppins-BlackItalic.ttf */ = {isa = PBXFileReference; explicitFileType = undefined; fileEncoding = undefined; includeInIndex = 0; lastKnownFileType = unknown; name = "Poppins-BlackItalic.ttf"; path = "../src/assets/fonts/Poppins-BlackItalic.ttf"; sourceTree = "<group>"; };
		F50D63BF81C0420681C4985C /* Poppins-Thin.ttf */ = {isa = PBXFileReference; explicitFileType = undefined; fileEncoding = undefined; includeInIndex = 0; lastKnownFileType = unknown; name = "Poppins-Thin.ttf"; path = "../src/assets/fonts/Poppins-Thin.ttf"; sourceTree = "<group>"; };
		FE7ABA2008C14FFB9C1A36DD /* Poppins-SemiBoldItalic.ttf */ = {isa = PBXFileReference; explicitFileType = undefined; fileEncoding = undefined; includeInIndex = 0; lastKnownFileType = unknown; name = "Poppins-SemiBoldItalic.ttf"; path = "../src/assets/fonts/Poppins-SemiBoldItalic.ttf"; sourceTree = "<group>"; };
/* End PBXFileReference section */

/* Begin PBXFrameworksBuildPhase section */
		00E356EB1AD99517003FC87E /* Frameworks */ = {
			isa = PBXFrameworksBuildPhase;
			buildActionMask = 2147483647;
			files = (
			);
			runOnlyForDeploymentPostprocessing = 0;
		};
		13B07F8C1A680F5B00A75B9A /* Frameworks */ = {
			isa = PBXFrameworksBuildPhase;
			buildActionMask = 2147483647;
			files = (
			);
			runOnlyForDeploymentPostprocessing = 0;
		};
/* End PBXFrameworksBuildPhase section */

/* Begin PBXGroup section */
		00E356EF1AD99517003FC87E /* HarvestYardTests */ = {
			isa = PBXGroup;
			children = (
				00E356F21AD99517003FC87E /* HarvestYardTests.m */,
				00E356F01AD99517003FC87E /* Supporting Files */,
			);
			path = HarvestYardTests;
			sourceTree = "<group>";
		};
		00E356F01AD99517003FC87E /* Supporting Files */ = {
			isa = PBXGroup;
			children = (
				00E356F11AD99517003FC87E /* Info.plist */,
			);
			name = "Supporting Files";
			sourceTree = "<group>";
		};
		13B07FAE1A68108700A75B9A /* HarvestYard */ = {
			isa = PBXGroup;
			children = (
				13B07FAF1A68108700A75B9A /* AppDelegate.h */,
				13B07FB01A68108700A75B9A /* AppDelegate.mm */,
				13B07FB51A68108700A75B9A /* Images.xcassets */,
				13B07FB61A68108700A75B9A /* Info.plist */,
				81AB9BB72411601600AC10FF /* LaunchScreen.storyboard */,
				13B07FB71A68108700A75B9A /* main.m */,
				13B07FB81A68108700A75B9A /* PrivacyInfo.xcprivacy */,
			);
			name = HarvestYard;
			sourceTree = "<group>";
		};
		2D16E6871FA4F8E400B85C8A /* Frameworks */ = {
			isa = PBXGroup;
			children = (
				ED297162215061F000B7C4FE /* JavaScriptCore.framework */,
			);
			name = Frameworks;
			sourceTree = "<group>";
		};
		6B986A937FD24140A87BF53B /* Resources */ = {
			isa = PBXGroup;
			children = (
				4A4974180E144CAF8BBCC82B /* Satoshi-Black.otf */,
				2ADD588C936D440C8D5B2CE8 /* Satoshi-BlackItalic.otf */,
				55E5294C3C9D48C9B621C993 /* Satoshi-Bold.otf */,
				D1C2BF48D9134AC38AE6FAC4 /* Satoshi-BoldItalic.otf */,
				55D7673940094685BEC8F0A4 /* Satoshi-Italic.otf */,
				8501B9908C0A4004886227C5 /* Satoshi-Light.otf */,
				8336BB26760E4AE99C34202F /* Satoshi-LightItalic.otf */,
				079197FD13E84AAA9F04A56E /* Satoshi-Medium.otf */,
				8E824E2E46FA4AA7B7026DF6 /* Satoshi-MediumItalic.otf */,
				BDAEE7E091754B48898ED928 /* Satoshi-Regular.otf */,
				B07B76CC319A415DA84D1B9D /* BalooBhaijaan2-Bold.ttf */,
				840889D29CDF43AEA7D75076 /* BalooBhaijaan2-ExtraBold.ttf */,
				87A60D61872C48A99D72DEAD /* BalooBhaijaan2-Medium.ttf */,
				E0CC5A7F7EBD4934A2434DF5 /* BalooBhaijaan2-Regular.ttf */,
				97D600D9597E4CC1BAA3C522 /* BalooBhaijaan2-SemiBold.ttf */,
				99BE2B1116684FDEB529D86A /* BalooBhaijaan2-VariableFont_wght.ttf */,
				6FF74621EEDC4750ACB21E59 /* Montserrat-Black.ttf */,
				472195A9B7C2447ABAA1937E /* Montserrat-BlackItalic.ttf */,
				92D113DFA2A04FF99488599D /* Montserrat-Bold.ttf */,
				24751A75A56A43B2822D56E7 /* Montserrat-BoldItalic.ttf */,
				81000303D9C847D0AB8EBB7D /* Montserrat-ExtraBold.ttf */,
				2AF3683B233A4A329DBC4D0A /* Montserrat-ExtraBoldItalic.ttf */,
				27FC42AA2665414B9ACEF78D /* Montserrat-ExtraLight.ttf */,
				220318A054E14BC794AE0FE7 /* Montserrat-ExtraLightItalic.ttf */,
				CB528811304F4DA9B0D47A7B /* Montserrat-Italic-VariableFont_wght.ttf */,
				D13EB49986B04F6E9AE872BB /* Montserrat-Italic.ttf */,
				1308EC4008D34C4CBB5B7A22 /* Montserrat-Light.ttf */,
				B8BFB8B8E40B4A218FA41848 /* Montserrat-LightItalic.ttf */,
				8F69755E319D419481763D24 /* Montserrat-Medium.ttf */,
				7EDEAD19D48C4FA894D6ACE6 /* Montserrat-MediumItalic.ttf */,
				5562C5BE68014E7BA71B8081 /* Montserrat-Regular.ttf */,
				0C92FAF2B93841528D5E1FB6 /* Montserrat-SemiBold.ttf */,
				7BDA5005E0C145D699FF9367 /* Montserrat-SemiBoldItalic.ttf */,
				6B54BA0A6340471585D48BD3 /* Montserrat-Thin.ttf */,
				CBC71708931A4E3E8440AB43 /* Montserrat-ThinItalic.ttf */,
				B36E63645B194B83B62F1439 /* Montserrat-VariableFont_wght.ttf */,
				4338A8D40E3B40999DCBD1EF /* Poppins-Black.ttf */,
				EE37FB6299494D44AAB4C717 /* Poppins-BlackItalic.ttf */,
				20A95E7BEC054525A7226A29 /* Poppins-Bold.ttf */,
				62DE578BC0A84FE2A9FF988D /* Poppins-BoldItalic.ttf */,
				CB22E54A206A403A9A5FBD18 /* Poppins-ExtraBold.ttf */,
				678F6E49C76944B3BFF32E8A /* Poppins-ExtraBoldItalic.ttf */,
				D50C485C610D4163839B9B68 /* Poppins-ExtraLight.ttf */,
				996F479116B447C2A886DDE3 /* Poppins-ExtraLightItalic.ttf */,
				4E1E073829094CC392CA2DDD /* Poppins-Italic.ttf */,
				C5A9D51C0CD84322895187DA /* Poppins-Light.ttf */,
				9085E934734A4380BDD580FF /* Poppins-LightItalic.ttf */,
				A542C75BD62F4E2398A5581F /* Poppins-Medium.ttf */,
				CB322FF288FC45F39F241E71 /* Poppins-MediumItalic.ttf */,
				9CD88756B83F4582ADBA17D8 /* Poppins-Regular.ttf */,
				66FCD984D3D04C1AAFD182BE /* Poppins-SemiBold.ttf */,
				FE7ABA2008C14FFB9C1A36DD /* Poppins-SemiBoldItalic.ttf */,
				F50D63BF81C0420681C4985C /* Poppins-Thin.ttf */,
				66638B9D51A240DE973BFBAA /* Poppins-ThinItalic.ttf */,
				5AF295A85F4B48BEAB697C17 /* Roboto-Black.ttf */,
				B119202D7B58477980D6772D /* Roboto-BlackItalic.ttf */,
				BA94BF74BB3A4937A06CB223 /* Roboto-Bold.ttf */,
				9443F2FD76B94BE6966A30FF /* Roboto-BoldItalic.ttf */,
				846670FFF8414B9B90504C4B /* Roboto-Italic.ttf */,
				6B98B630D2A443268A416B06 /* Roboto-Light.ttf */,
				DD742773A331424E90CC6885 /* Roboto-LightItalic.ttf */,
				A70B55DE12DB48EA923A8FBB /* Roboto-Medium.ttf */,
				52C01898350C42DAB1C1358E /* Roboto-MediumItalic.ttf */,
				A25AE708F6BB41598598216E /* Roboto-Regular.ttf */,
				34CDF08293814E5AB1100D03 /* Roboto-Thin.ttf */,
				DBBDFBFFF12E498FADA1610C /* Roboto-ThinItalic.ttf */,
				98D093E08BB24F7BA5B29F2E /* Satoshi-Variable.ttf */,
				9F64504778D94CD99FDB1959 /* Satoshi-VariableItalic.ttf */,
				1D363C901F494529A33B0816 /* Tangerine-Bold.ttf */,
				2576A96701D14987823C84D9 /* Tangerine-Regular.ttf */,
			);
			name = Resources;
			path = "";
			sourceTree = "<group>";
		};
		832341AE1AAA6A7D00B99B32 /* Libraries */ = {
			isa = PBXGroup;
			children = (
			);
			name = Libraries;
			sourceTree = "<group>";
		};
		83CBB9F61A601CBA00E9B192 = {
			isa = PBXGroup;
			children = (
				A7C4FDAA2CEDC088001CCD18 /* GoogleService-Info.plist */,
				13B07FAE1A68108700A75B9A /* HarvestYard */,
				832341AE1AAA6A7D00B99B32 /* Libraries */,
				00E356EF1AD99517003FC87E /* HarvestYardTests */,
				83CBBA001A601CBA00E9B192 /* Products */,
				2D16E6871FA4F8E400B85C8A /* Frameworks */,
				BBD78D7AC51CEA395F1C20DB /* Pods */,
				6B986A937FD24140A87BF53B /* Resources */,
			);
			indentWidth = 2;
			sourceTree = "<group>";
			tabWidth = 2;
			usesTabs = 0;
		};
		83CBBA001A601CBA00E9B192 /* Products */ = {
			isa = PBXGroup;
			children = (
				13B07F961A680F5B00A75B9A /* HarvestYard.app */,
				00E356EE1AD99517003FC87E /* HarvestYardTests.xctest */,
			);
			name = Products;
			sourceTree = "<group>";
		};
		BBD78D7AC51CEA395F1C20DB /* Pods */ = {
			isa = PBXGroup;
			children = (
			);
			path = Pods;
			sourceTree = "<group>";
		};
/* End PBXGroup section */

/* Begin PBXNativeTarget section */
		00E356ED1AD99517003FC87E /* HarvestYardTests */ = {
			isa = PBXNativeTarget;
			buildConfigurationList = 00E357021AD99517003FC87E /* Build configuration list for PBXNativeTarget "HarvestYardTests" */;
			buildPhases = (
				00E356EA1AD99517003FC87E /* Sources */,
				00E356EB1AD99517003FC87E /* Frameworks */,
				00E356EC1AD99517003FC87E /* Resources */,
			);
			buildRules = (
			);
			dependencies = (
				00E356F51AD99517003FC87E /* PBXTargetDependency */,
			);
			name = HarvestYardTests;
			productName = HarvestYardTests;
			productReference = 00E356EE1AD99517003FC87E /* HarvestYardTests.xctest */;
			productType = "com.apple.product-type.bundle.unit-test";
		};
		13B07F861A680F5B00A75B9A /* HarvestYard */ = {
			isa = PBXNativeTarget;
			buildConfigurationList = 13B07F931A680F5B00A75B9A /* Build configuration list for PBXNativeTarget "HarvestYard" */;
			buildPhases = (
				13B07F871A680F5B00A75B9A /* Sources */,
				13B07F8C1A680F5B00A75B9A /* Frameworks */,
				13B07F8E1A680F5B00A75B9A /* Resources */,
				00DD1BFF1BD5951E006B06BC /* Bundle React Native code and images */,
			);
			buildRules = (
			);
			dependencies = (
			);
			name = HarvestYard;
			productName = HarvestYard;
			productReference = 13B07F961A680F5B00A75B9A /* HarvestYard.app */;
			productType = "com.apple.product-type.application";
		};
/* End PBXNativeTarget section */

/* Begin PBXProject section */
		83CBB9F71A601CBA00E9B192 /* Project object */ = {
			isa = PBXProject;
			attributes = {
				LastUpgradeCheck = 1210;
				TargetAttributes = {
					00E356ED1AD99517003FC87E = {
						CreatedOnToolsVersion = 6.2;
						TestTargetID = 13B07F861A680F5B00A75B9A;
					};
					13B07F861A680F5B00A75B9A = {
						LastSwiftMigration = 1120;
					};
				};
			};
			buildConfigurationList = 83CBB9FA1A601CBA00E9B192 /* Build configuration list for PBXProject "HarvestYard" */;
			compatibilityVersion = "Xcode 12.0";
			developmentRegion = en;
			hasScannedForEncodings = 0;
			knownRegions = (
				en,
				Base,
			);
			mainGroup = 83CBB9F61A601CBA00E9B192;
			productRefGroup = 83CBBA001A601CBA00E9B192 /* Products */;
			projectDirPath = "";
			projectRoot = "";
			targets = (
				13B07F861A680F5B00A75B9A /* HarvestYard */,
				00E356ED1AD99517003FC87E /* HarvestYardTests */,
			);
		};
/* End PBXProject section */

/* Begin PBXResourcesBuildPhase section */
		00E356EC1AD99517003FC87E /* Resources */ = {
			isa = PBXResourcesBuildPhase;
			buildActionMask = 2147483647;
			files = (
			);
			runOnlyForDeploymentPostprocessing = 0;
		};
		13B07F8E1A680F5B00A75B9A /* Resources */ = {
			isa = PBXResourcesBuildPhase;
			buildActionMask = 2147483647;
			files = (
				81AB9BB82411601600AC10FF /* LaunchScreen.storyboard in Resources */,
				A7C4FDAB2CEDC088001CCD18 /* GoogleService-Info.plist in Resources */,
				13B07FBF1A68108700A75B9A /* Images.xcassets in Resources */,
				73EA077D339EBCFFBE6F44BA /* PrivacyInfo.xcprivacy in Resources */,
				157A4F7C2E25408DBB4CE390 /* Satoshi-Black.otf in Resources */,
				F9D7B91FDEF6428296047558 /* Satoshi-BlackItalic.otf in Resources */,
				BC5BA995CE96441CB78C9FF5 /* Satoshi-Bold.otf in Resources */,
				2DA1A36B799747BFB29466B8 /* Satoshi-BoldItalic.otf in Resources */,
				66AB33D012334E3AA80AE79F /* Satoshi-Italic.otf in Resources */,
				D2511B50BFEC4FA3A252DF5D /* Satoshi-Light.otf in Resources */,
				14CDB7EBA3DA4276935058F3 /* Satoshi-LightItalic.otf in Resources */,
				5E488B0DE87D4D2E8E9D8F67 /* Satoshi-Medium.otf in Resources */,
				A09E71FBE2214E52ACFD62F6 /* Satoshi-MediumItalic.otf in Resources */,
				48E5603635554A549B2CF32F /* Satoshi-Regular.otf in Resources */,
				A4192CE39C264D80B9D89718 /* BalooBhaijaan2-Bold.ttf in Resources */,
				2F4523413C3847F08DE3294E /* BalooBhaijaan2-ExtraBold.ttf in Resources */,
				F7517EDC95CF450E9B2C86AE /* BalooBhaijaan2-Medium.ttf in Resources */,
				208D4DA3F7FF4ACA9EF8364F /* BalooBhaijaan2-Regular.ttf in Resources */,
				E79905DBDBE4461D9F551F12 /* BalooBhaijaan2-SemiBold.ttf in Resources */,
				9F077AB371F84B549D9021AA /* BalooBhaijaan2-VariableFont_wght.ttf in Resources */,
				7DFF0157D526469CB0BAE97F /* Montserrat-Black.ttf in Resources */,
				E163720964A743D29CB3EFEC /* Montserrat-BlackItalic.ttf in Resources */,
				DBB4B407C39449BC887C26C9 /* Montserrat-Bold.ttf in Resources */,
				4CB0FBCBE76B47C5833C2D3E /* Montserrat-BoldItalic.ttf in Resources */,
				337AC08BA9BB41698571C7A5 /* Montserrat-ExtraBold.ttf in Resources */,
				127F0E86477849D0A0C76C4B /* Montserrat-ExtraBoldItalic.ttf in Resources */,
				2D0EBB6A89724CE291C3C397 /* Montserrat-ExtraLight.ttf in Resources */,
				9FCE7B870D524644A8DE809B /* Montserrat-ExtraLightItalic.ttf in Resources */,
				F7B6AD3B3C624D28B1BD6522 /* Montserrat-Italic-VariableFont_wght.ttf in Resources */,
				65075FD7F98445D6B345CA26 /* Montserrat-Italic.ttf in Resources */,
				2017D1CF7B0645F681D4813C /* Montserrat-Light.ttf in Resources */,
				9C74D52414104C7F875B95D8 /* Montserrat-LightItalic.ttf in Resources */,
				4F21056921CB4EDB802E92DD /* Montserrat-Medium.ttf in Resources */,
				C87AB57294AB4CF9B7FD21BE /* Montserrat-MediumItalic.ttf in Resources */,
				145A43FEFADA4F81A833B2D1 /* Montserrat-Regular.ttf in Resources */,
				43FC517E88094A529D21B246 /* Montserrat-SemiBold.ttf in Resources */,
				2642D33E2A1041958E337228 /* Montserrat-SemiBoldItalic.ttf in Resources */,
				CFEE660531A042C69F5514EF /* Montserrat-Thin.ttf in Resources */,
				FF402C26375447C09A34AC30 /* Montserrat-ThinItalic.ttf in Resources */,
				3D7630FBB3CD4636B11B23B9 /* Montserrat-VariableFont_wght.ttf in Resources */,
				3BCE21A562AD45548816678E /* Poppins-Black.ttf in Resources */,
				81E711ADE72444FFBA54358B /* Poppins-BlackItalic.ttf in Resources */,
				4BB663EE187348DB820B0282 /* Poppins-Bold.ttf in Resources */,
				84ABB3BDB8C54C01BACF240A /* Poppins-BoldItalic.ttf in Resources */,
				F28492A8830143BE80512F01 /* Poppins-ExtraBold.ttf in Resources */,
				01D0FFFE75044E30907B8C6B /* Poppins-ExtraBoldItalic.ttf in Resources */,
				E60644855D3E442586B6AC7C /* Poppins-ExtraLight.ttf in Resources */,
				79163778BDEE4BC3B0DFFE73 /* Poppins-ExtraLightItalic.ttf in Resources */,
				15D0FDBB16F74E99981B20EB /* Poppins-Italic.ttf in Resources */,
				77D9762D9FB6471CA1B81E8A /* Poppins-Light.ttf in Resources */,
				0EC837539C33424E8750E784 /* Poppins-LightItalic.ttf in Resources */,
				D3BB5197F2394127BD86AA37 /* Poppins-Medium.ttf in Resources */,
				35C0DC18A44142FEBCBF3C47 /* Poppins-MediumItalic.ttf in Resources */,
				4C0F807E697447B3BD9CB459 /* Poppins-Regular.ttf in Resources */,
				9715FBAA612142A7B39B5133 /* Poppins-SemiBold.ttf in Resources */,
				A3F041C0114243A6B678095A /* Poppins-SemiBoldItalic.ttf in Resources */,
				7C7F6C90E9CB4422B912A8FC /* Poppins-Thin.ttf in Resources */,
				C82D09C6F7D0470283F093EF /* Poppins-ThinItalic.ttf in Resources */,
				631F8834BA294BA4A227D0E0 /* Roboto-Black.ttf in Resources */,
				7723ACCF156B4183B19D29F4 /* Roboto-BlackItalic.ttf in Resources */,
				A7D593237DB44CC2BFA7C4BA /* Roboto-Bold.ttf in Resources */,
				C59062C78AF241278EECF27B /* Roboto-BoldItalic.ttf in Resources */,
				7EB37B69F821468FBF281CEC /* Roboto-Italic.ttf in Resources */,
				8EB037C4C0D24F89B0A6AAB6 /* Roboto-Light.ttf in Resources */,
				2BDDC2876992464E930DD306 /* Roboto-LightItalic.ttf in Resources */,
				A0734A05B04C4D0EAC299AF9 /* Roboto-Medium.ttf in Resources */,
				91593274DED3471393849710 /* Roboto-MediumItalic.ttf in Resources */,
				BCE26486B0E746448EC35D31 /* Roboto-Regular.ttf in Resources */,
				03D65A3D99A64899A60C6BEA /* Roboto-Thin.ttf in Resources */,
				C4B60AC813804921A1FD4FD5 /* Roboto-ThinItalic.ttf in Resources */,
				02B51CAEC4C04B2EA8C2E5C0 /* Satoshi-Variable.ttf in Resources */,
				602659B803BE4C839FF179C7 /* Satoshi-VariableItalic.ttf in Resources */,
				D564EE668DB045C497DFD452 /* Tangerine-Bold.ttf in Resources */,
				80CAB7B9B5C740B78BA55E5E /* Tangerine-Regular.ttf in Resources */,
			);
			runOnlyForDeploymentPostprocessing = 0;
		};
/* End PBXResourcesBuildPhase section */

/* Begin PBXShellScriptBuildPhase section */
		00DD1BFF1BD5951E006B06BC /* Bundle React Native code and images */ = {
			isa = PBXShellScriptBuildPhase;
			buildActionMask = 2147483647;
			files = (
			);
			inputPaths = (
				"$(SRCROOT)/.xcode.env.local",
				"$(SRCROOT)/.xcode.env",
			);
			name = "Bundle React Native code and images";
			outputPaths = (
			);
			runOnlyForDeploymentPostprocessing = 0;
			shellPath = /bin/sh;
			shellScript = "set -e\n\nWITH_ENVIRONMENT=\"$REACT_NATIVE_PATH/scripts/xcode/with-environment.sh\"\nREACT_NATIVE_XCODE=\"$REACT_NATIVE_PATH/scripts/react-native-xcode.sh\"\n\n/bin/sh -c \"$WITH_ENVIRONMENT $REACT_NATIVE_XCODE\"\n";
		};
/* End PBXShellScriptBuildPhase section */

/* Begin PBXSourcesBuildPhase section */
		00E356EA1AD99517003FC87E /* Sources */ = {
			isa = PBXSourcesBuildPhase;
			buildActionMask = 2147483647;
			files = (
				00E356F31AD99517003FC87E /* HarvestYardTests.m in Sources */,
			);
			runOnlyForDeploymentPostprocessing = 0;
		};
		13B07F871A680F5B00A75B9A /* Sources */ = {
			isa = PBXSourcesBuildPhase;
			buildActionMask = 2147483647;
			files = (
				13B07FBC1A68108700A75B9A /* AppDelegate.mm in Sources */,
				13B07FC11A68108700A75B9A /* main.m in Sources */,
			);
			runOnlyForDeploymentPostprocessing = 0;
		};
/* End PBXSourcesBuildPhase section */

/* Begin PBXTargetDependency section */
		00E356F51AD99517003FC87E /* PBXTargetDependency */ = {
			isa = PBXTargetDependency;
			target = 13B07F861A680F5B00A75B9A /* HarvestYard */;
			targetProxy = 00E356F41AD99517003FC87E /* PBXContainerItemProxy */;
		};
/* End PBXTargetDependency section */

/* Begin XCBuildConfiguration section */
		00E356F61AD99517003FC87E /* Debug */ = {
			isa = XCBuildConfiguration;
			buildSettings = {
				BUNDLE_LOADER = "$(TEST_HOST)";
				GCC_PREPROCESSOR_DEFINITIONS = (
					"DEBUG=1",
					"$(inherited)",
				);
				INFOPLIST_FILE = HarvestYardTests/Info.plist;
				IPHONEOS_DEPLOYMENT_TARGET = 15.1;
				LD_RUNPATH_SEARCH_PATHS = (
					"$(inherited)",
					"@executable_path/Frameworks",
					"@loader_path/Frameworks",
				);
				OTHER_LDFLAGS = (
					"-ObjC",
					"-lc++",
					"$(inherited)",
				);
				PRODUCT_BUNDLE_IDENTIFIER = "org.reactjs.native.example.$(PRODUCT_NAME:rfc1034identifier)";
				PRODUCT_NAME = "$(TARGET_NAME)";
				TEST_HOST = "$(BUILT_PRODUCTS_DIR)/HarvestYard.app/HarvestYard";
			};
			name = Debug;
		};
		00E356F71AD99517003FC87E /* Release */ = {
			isa = XCBuildConfiguration;
			buildSettings = {
				BUNDLE_LOADER = "$(TEST_HOST)";
				COPY_PHASE_STRIP = NO;
				INFOPLIST_FILE = HarvestYardTests/Info.plist;
				IPHONEOS_DEPLOYMENT_TARGET = 15.1;
				LD_RUNPATH_SEARCH_PATHS = (
					"$(inherited)",
					"@executable_path/Frameworks",
					"@loader_path/Frameworks",
				);
				OTHER_LDFLAGS = (
					"-ObjC",
					"-lc++",
					"$(inherited)",
				);
				PRODUCT_BUNDLE_IDENTIFIER = "org.reactjs.native.example.$(PRODUCT_NAME:rfc1034identifier)";
				PRODUCT_NAME = "$(TARGET_NAME)";
				TEST_HOST = "$(BUILT_PRODUCTS_DIR)/HarvestYard.app/HarvestYard";
			};
			name = Release;
		};
		13B07F941A680F5B00A75B9A /* Debug */ = {
			isa = XCBuildConfiguration;
			buildSettings = {
				ASSETCATALOG_COMPILER_APPICON_NAME = AppIcon;
				CLANG_ENABLE_MODULES = YES;
				CURRENT_PROJECT_VERSION = 1;
				ENABLE_BITCODE = NO;
				INFOPLIST_FILE = HarvestYard/Info.plist;
				IPHONEOS_DEPLOYMENT_TARGET = 15.1;
				LD_RUNPATH_SEARCH_PATHS = (
					"$(inherited)",
					"@executable_path/Frameworks",
				);
				MARKETING_VERSION = 1.0;
				OTHER_LDFLAGS = (
					"$(inherited)",
					"-ObjC",
					"-lc++",
				);
				PRODUCT_BUNDLE_IDENTIFIER = "org.reactjs.native.example.$(PRODUCT_NAME:rfc1034identifier)";
				PRODUCT_NAME = HarvestYard;
				SWIFT_OPTIMIZATION_LEVEL = "-Onone";
				SWIFT_VERSION = 5.0;
				VERSIONING_SYSTEM = "apple-generic";
			};
			name = Debug;
		};
		13B07F951A680F5B00A75B9A /* Release */ = {
			isa = XCBuildConfiguration;
			buildSettings = {
				ASSETCATALOG_COMPILER_APPICON_NAME = AppIcon;
				CLANG_ENABLE_MODULES = YES;
				CURRENT_PROJECT_VERSION = 1;
				INFOPLIST_FILE = HarvestYard/Info.plist;
				IPHONEOS_DEPLOYMENT_TARGET = 15.1;
				LD_RUNPATH_SEARCH_PATHS = (
					"$(inherited)",
					"@executable_path/Frameworks",
				);
				MARKETING_VERSION = 1.0;
				OTHER_LDFLAGS = (
					"$(inherited)",
					"-ObjC",
					"-lc++",
				);
				PRODUCT_BUNDLE_IDENTIFIER = "org.reactjs.native.example.$(PRODUCT_NAME:rfc1034identifier)";
				PRODUCT_NAME = HarvestYard;
				SWIFT_VERSION = 5.0;
				VERSIONING_SYSTEM = "apple-generic";
			};
			name = Release;
		};
		83CBBA201A601CBA00E9B192 /* Debug */ = {
			isa = XCBuildConfiguration;
			buildSettings = {
				ALWAYS_SEARCH_USER_PATHS = NO;
				CLANG_ANALYZER_LOCALIZABILITY_NONLOCALIZED = YES;
				CLANG_CXX_LANGUAGE_STANDARD = "c++20";
				CLANG_CXX_LIBRARY = "libc++";
				CLANG_ENABLE_MODULES = YES;
				CLANG_ENABLE_OBJC_ARC = YES;
				CLANG_WARN_BLOCK_CAPTURE_AUTORELEASING = YES;
				CLANG_WARN_BOOL_CONVERSION = YES;
				CLANG_WARN_COMMA = YES;
				CLANG_WARN_CONSTANT_CONVERSION = YES;
				CLANG_WARN_DEPRECATED_OBJC_IMPLEMENTATIONS = YES;
				CLANG_WARN_DIRECT_OBJC_ISA_USAGE = YES_ERROR;
				CLANG_WARN_EMPTY_BODY = YES;
				CLANG_WARN_ENUM_CONVERSION = YES;
				CLANG_WARN_INFINITE_RECURSION = YES;
				CLANG_WARN_INT_CONVERSION = YES;
				CLANG_WARN_NON_LITERAL_NULL_CONVERSION = YES;
				CLANG_WARN_OBJC_IMPLICIT_RETAIN_SELF = YES;
				CLANG_WARN_OBJC_LITERAL_CONVERSION = YES;
				CLANG_WARN_OBJC_ROOT_CLASS = YES_ERROR;
				CLANG_WARN_QUOTED_INCLUDE_IN_FRAMEWORK_HEADER = YES;
				CLANG_WARN_RANGE_LOOP_ANALYSIS = YES;
				CLANG_WARN_STRICT_PROTOTYPES = YES;
				CLANG_WARN_SUSPICIOUS_MOVE = YES;
				CLANG_WARN_UNREACHABLE_CODE = YES;
				CLANG_WARN__DUPLICATE_METHOD_MATCH = YES;
				"CODE_SIGN_IDENTITY[sdk=iphoneos*]" = "iPhone Developer";
				COPY_PHASE_STRIP = NO;
				ENABLE_STRICT_OBJC_MSGSEND = YES;
				ENABLE_TESTABILITY = YES;
				"EXCLUDED_ARCHS[sdk=iphonesimulator*]" = "";
				GCC_C_LANGUAGE_STANDARD = gnu99;
				GCC_DYNAMIC_NO_PIC = NO;
				GCC_NO_COMMON_BLOCKS = YES;
				GCC_OPTIMIZATION_LEVEL = 0;
				GCC_PREPROCESSOR_DEFINITIONS = (
					"DEBUG=1",
					"$(inherited)",
				);
				GCC_SYMBOLS_PRIVATE_EXTERN = NO;
				GCC_WARN_64_TO_32_BIT_CONVERSION = YES;
				GCC_WARN_ABOUT_RETURN_TYPE = YES_ERROR;
				GCC_WARN_UNDECLARED_SELECTOR = YES;
				GCC_WARN_UNINITIALIZED_AUTOS = YES_AGGRESSIVE;
				GCC_WARN_UNUSED_FUNCTION = YES;
				GCC_WARN_UNUSED_VARIABLE = YES;
				HEADER_SEARCH_PATHS = (
					"$(inherited)",
					"${PODS_CONFIGURATION_BUILD_DIR}/ReactCommon/ReactCommon.framework/Headers",
					"${PODS_CONFIGURATION_BUILD_DIR}/ReactCommon/ReactCommon.framework/Headers/react/nativemodule/core",
					"${PODS_CONFIGURATION_BUILD_DIR}/ReactCommon-Samples/ReactCommon_Samples.framework/Headers",
					"${PODS_CONFIGURATION_BUILD_DIR}/ReactCommon-Samples/ReactCommon_Samples.framework/Headers/platform/ios",
					"${PODS_CONFIGURATION_BUILD_DIR}/React-Fabric/React_Fabric.framework/Headers/react/renderer/components/view/platform/cxx",
					"${PODS_CONFIGURATION_BUILD_DIR}/React-NativeModulesApple/React_NativeModulesApple.framework/Headers",
					"${PODS_CONFIGURATION_BUILD_DIR}/React-graphics/React_graphics.framework/Headers",
					"${PODS_CONFIGURATION_BUILD_DIR}/React-graphics/React_graphics.framework/Headers/react/renderer/graphics/platform/ios",
				);
				IPHONEOS_DEPLOYMENT_TARGET = 15.1;
				LD_RUNPATH_SEARCH_PATHS = (
					/usr/lib/swift,
					"$(inherited)",
				);
				LIBRARY_SEARCH_PATHS = (
					"\"$(SDKROOT)/usr/lib/swift\"",
					"\"$(TOOLCHAIN_DIR)/usr/lib/swift/$(PLATFORM_NAME)\"",
					"\"$(inherited)\"",
				);
				MTL_ENABLE_DEBUG_INFO = YES;
				ONLY_ACTIVE_ARCH = YES;
				OTHER_CPLUSPLUSFLAGS = (
					"$(OTHER_CFLAGS)",
					"-DFOLLY_NO_CONFIG",
					"-DFOLLY_MOBILE=1",
					"-DFOLLY_USE_LIBCPP=1",
					"-DFOLLY_CFG_NO_COROUTINES=1",
					"-DFOLLY_HAVE_CLOCK_GETTIME=1",
				);
				OTHER_LDFLAGS = (
					"$(inherited)",
					" ",
				);
				REACT_NATIVE_PATH = "${PODS_ROOT}/../../node_modules/react-native";
				SDKROOT = iphoneos;
				SWIFT_ACTIVE_COMPILATION_CONDITIONS = "$(inherited) DEBUG";
				USE_HERMES = true;
			};
			name = Debug;
		};
		83CBBA211A601CBA00E9B192 /* Release */ = {
			isa = XCBuildConfiguration;
			buildSettings = {
				ALWAYS_SEARCH_USER_PATHS = NO;
				CLANG_ANALYZER_LOCALIZABILITY_NONLOCALIZED = YES;
				CLANG_CXX_LANGUAGE_STANDARD = "c++20";
				CLANG_CXX_LIBRARY = "libc++";
				CLANG_ENABLE_MODULES = YES;
				CLANG_ENABLE_OBJC_ARC = YES;
				CLANG_WARN_BLOCK_CAPTURE_AUTORELEASING = YES;
				CLANG_WARN_BOOL_CONVERSION = YES;
				CLANG_WARN_COMMA = YES;
				CLANG_WARN_CONSTANT_CONVERSION = YES;
				CLANG_WARN_DEPRECATED_OBJC_IMPLEMENTATIONS = YES;
				CLANG_WARN_DIRECT_OBJC_ISA_USAGE = YES_ERROR;
				CLANG_WARN_EMPTY_BODY = YES;
				CLANG_WARN_ENUM_CONVERSION = YES;
				CLANG_WARN_INFINITE_RECURSION = YES;
				CLANG_WARN_INT_CONVERSION = YES;
				CLANG_WARN_NON_LITERAL_NULL_CONVERSION = YES;
				CLANG_WARN_OBJC_IMPLICIT_RETAIN_SELF = YES;
				CLANG_WARN_OBJC_LITERAL_CONVERSION = YES;
				CLANG_WARN_OBJC_ROOT_CLASS = YES_ERROR;
				CLANG_WARN_QUOTED_INCLUDE_IN_FRAMEWORK_HEADER = YES;
				CLANG_WARN_RANGE_LOOP_ANALYSIS = YES;
				CLANG_WARN_STRICT_PROTOTYPES = YES;
				CLANG_WARN_SUSPICIOUS_MOVE = YES;
				CLANG_WARN_UNREACHABLE_CODE = YES;
				CLANG_WARN__DUPLICATE_METHOD_MATCH = YES;
				"CODE_SIGN_IDENTITY[sdk=iphoneos*]" = "iPhone Developer";
				COPY_PHASE_STRIP = YES;
				ENABLE_NS_ASSERTIONS = NO;
				ENABLE_STRICT_OBJC_MSGSEND = YES;
				"EXCLUDED_ARCHS[sdk=iphonesimulator*]" = "";
				GCC_C_LANGUAGE_STANDARD = gnu99;
				GCC_NO_COMMON_BLOCKS = YES;
				GCC_WARN_64_TO_32_BIT_CONVERSION = YES;
				GCC_WARN_ABOUT_RETURN_TYPE = YES_ERROR;
				GCC_WARN_UNDECLARED_SELECTOR = YES;
				GCC_WARN_UNINITIALIZED_AUTOS = YES_AGGRESSIVE;
				GCC_WARN_UNUSED_FUNCTION = YES;
				GCC_WARN_UNUSED_VARIABLE = YES;
				HEADER_SEARCH_PATHS = (
					"$(inherited)",
					"${PODS_CONFIGURATION_BUILD_DIR}/ReactCommon/ReactCommon.framework/Headers",
					"${PODS_CONFIGURATION_BUILD_DIR}/ReactCommon/ReactCommon.framework/Headers/react/nativemodule/core",
					"${PODS_CONFIGURATION_BUILD_DIR}/ReactCommon-Samples/ReactCommon_Samples.framework/Headers",
					"${PODS_CONFIGURATION_BUILD_DIR}/ReactCommon-Samples/ReactCommon_Samples.framework/Headers/platform/ios",
					"${PODS_CONFIGURATION_BUILD_DIR}/React-Fabric/React_Fabric.framework/Headers/react/renderer/components/view/platform/cxx",
					"${PODS_CONFIGURATION_BUILD_DIR}/React-NativeModulesApple/React_NativeModulesApple.framework/Headers",
					"${PODS_CONFIGURATION_BUILD_DIR}/React-graphics/React_graphics.framework/Headers",
					"${PODS_CONFIGURATION_BUILD_DIR}/React-graphics/React_graphics.framework/Headers/react/renderer/graphics/platform/ios",
				);
				IPHONEOS_DEPLOYMENT_TARGET = 15.1;
				LD_RUNPATH_SEARCH_PATHS = (
					/usr/lib/swift,
					"$(inherited)",
				);
				LIBRARY_SEARCH_PATHS = (
					"\"$(SDKROOT)/usr/lib/swift\"",
					"\"$(TOOLCHAIN_DIR)/usr/lib/swift/$(PLATFORM_NAME)\"",
					"\"$(inherited)\"",
				);
				MTL_ENABLE_DEBUG_INFO = NO;
				OTHER_CPLUSPLUSFLAGS = (
					"$(OTHER_CFLAGS)",
					"-DFOLLY_NO_CONFIG",
					"-DFOLLY_MOBILE=1",
					"-DFOLLY_USE_LIBCPP=1",
					"-DFOLLY_CFG_NO_COROUTINES=1",
					"-DFOLLY_HAVE_CLOCK_GETTIME=1",
				);
				OTHER_LDFLAGS = (
					"$(inherited)",
					" ",
				);
				REACT_NATIVE_PATH = "${PODS_ROOT}/../../node_modules/react-native";
				SDKROOT = iphoneos;
				USE_HERMES = true;
				VALIDATE_PRODUCT = YES;
			};
			name = Release;
		};
/* End XCBuildConfiguration section */

/* Begin XCConfigurationList section */
		00E357021AD99517003FC87E /* Build configuration list for PBXNativeTarget "HarvestYardTests" */ = {
			isa = XCConfigurationList;
			buildConfigurations = (
				00E356F61AD99517003FC87E /* Debug */,
				00E356F71AD99517003FC87E /* Release */,
			);
			defaultConfigurationIsVisible = 0;
			defaultConfigurationName = Release;
		};
		13B07F931A680F5B00A75B9A /* Build configuration list for PBXNativeTarget "HarvestYard" */ = {
			isa = XCConfigurationList;
			buildConfigurations = (
				13B07F941A680F5B00A75B9A /* Debug */,
				13B07F951A680F5B00A75B9A /* Release */,
			);
			defaultConfigurationIsVisible = 0;
			defaultConfigurationName = Release;
		};
		83CBB9FA1A601CBA00E9B192 /* Build configuration list for PBXProject "HarvestYard" */ = {
			isa = XCConfigurationList;
			buildConfigurations = (
				83CBBA201A601CBA00E9B192 /* Debug */,
				83CBBA211A601CBA00E9B192 /* Release */,
			);
			defaultConfigurationIsVisible = 0;
			defaultConfigurationName = Release;
		};
/* End XCConfigurationList section */
	};
	rootObject = 83CBB9F71A601CBA00E9B192 /* Project object */;
}
